#MicroXplorer Configuration settings - do not modify
ADC1.Channel-8\#ChannelRegularConversion=ADC_CHANNEL_10
ADC1.Channel-9\#ChannelRegularConversion=ADC_CHANNEL_11
ADC1.ClockPrescaler=ADC_CLOCK_SYNC_PCLK_DIV4
ADC1.ContinuousConvMode=DISABLE
ADC1.DMAContinuousRequests=ENABLE
ADC1.DataAlign=ADC_DATAALIGN_RIGHT
ADC1.DiscontinuousConvMode=DISABLE
ADC1.EOCSelection=ADC_EOC_SINGLE_CONV
ADC1.EnableAnalogWatchDog=false
ADC1.ExternalTrigConv=ADC_SOFTWARE_START
ADC1.ExternalTrigConvEdge=ADC_EXTERNALTRIGCONVEDGE_NONE
ADC1.IPParameters=Rank-8\#ChannelRegularConversion,Channel-8\#ChannelRegularConversion,SamplingTime-8\#ChannelRegularConversion,NbrOfConversionFlag,master,ClockPrescaler,Resolution,DataAlign,ScanConvMode,ContinuousConvMode,DiscontinuousConvMode,DMAContinuousRequests,EOCSelection,NbrOfConversion,ExternalTrigConv,ExternalTrigConvEdge,InjNumberOfConversion,EnableAnalogWatchDog,Rank-9\#ChannelRegularConversion,Channel-9\#ChannelRegularConversion,SamplingTime-9\#ChannelRegularConversion
ADC1.InjNumberOfConversion=0
ADC1.NbrOfConversion=2
ADC1.NbrOfConversionFlag=1
ADC1.Rank-8\#ChannelRegularConversion=1
ADC1.Rank-9\#ChannelRegularConversion=2
ADC1.Resolution=ADC_RESOLUTION_12B
ADC1.SamplingTime-8\#ChannelRegularConversion=ADC_SAMPLETIME_3CYCLES
ADC1.SamplingTime-9\#ChannelRegularConversion=ADC_SAMPLETIME_3CYCLES
ADC1.ScanConvMode=DISABLE
ADC1.master=1
Dma.ADC1.0.Direction=DMA_PERIPH_TO_MEMORY
Dma.ADC1.0.FIFOMode=DMA_FIFOMODE_DISABLE
Dma.ADC1.0.Instance=DMA2_Stream0
Dma.ADC1.0.MemDataAlignment=DMA_MDATAALIGN_HALFWORD
Dma.ADC1.0.MemInc=DMA_MINC_ENABLE
Dma.ADC1.0.Mode=DMA_NORMAL
Dma.ADC1.0.PeriphDataAlignment=DMA_PDATAALIGN_HALFWORD
Dma.ADC1.0.PeriphInc=DMA_PINC_DISABLE
Dma.ADC1.0.Priority=DMA_PRIORITY_LOW
Dma.ADC1.0.RequestParameters=Instance,Direction,PeriphInc,MemInc,PeriphDataAlignment,MemDataAlignment,Mode,Priority,FIFOMode
Dma.Request0=ADC1
Dma.RequestsNb=1
File.Version=6
KeepUserPlacement=false
Mcu.Family=STM32F4
Mcu.IP0=ADC1
Mcu.IP1=DMA
Mcu.IP2=NVIC
Mcu.IP3=RCC
Mcu.IP4=SYS
Mcu.IP5=TIM1
Mcu.IP6=TIM2
Mcu.IP7=TIM3
Mcu.IPNb=8
Mcu.Name=STM32F401R(D-E)Tx
Mcu.Package=LQFP64
Mcu.Pin0=PC0
Mcu.Pin1=PC1
Mcu.Pin10=PB5
Mcu.Pin11=VP_SYS_VS_Systick
Mcu.Pin12=VP_TIM1_VS_ClockSourceINT
Mcu.Pin13=VP_TIM2_VS_ClockSourceINT
Mcu.Pin14=VP_TIM2_VS_OPM
Mcu.Pin15=VP_TIM3_VS_ClockSourceINT
Mcu.Pin2=PB13
Mcu.Pin3=PB14
Mcu.Pin4=PB15
Mcu.Pin5=PA8
Mcu.Pin6=PA9
Mcu.Pin7=PA10
Mcu.Pin8=PB3
Mcu.Pin9=PB4
Mcu.PinsNb=16
Mcu.UserConstants=
Mcu.UserName=STM32F401RETx
MxCube.Version=4.21.0
MxDb.Version=DB.4.0.210
NVIC.BusFault_IRQn=true\:0\:0\:false\:false\:true
NVIC.DMA2_Stream0_IRQn=true\:0\:0\:false\:false\:true
NVIC.DebugMonitor_IRQn=true\:0\:0\:false\:false\:true
NVIC.EXTI3_IRQn=true\:0\:0\:false\:false\:true
NVIC.EXTI4_IRQn=true\:0\:0\:false\:false\:true
NVIC.EXTI9_5_IRQn=true\:0\:0\:false\:false\:true
NVIC.HardFault_IRQn=true\:0\:0\:false\:false\:true
NVIC.MemoryManagement_IRQn=true\:0\:0\:false\:false\:true
NVIC.NonMaskableInt_IRQn=true\:0\:0\:false\:false\:true
NVIC.PendSV_IRQn=true\:0\:0\:false\:false\:true
NVIC.PriorityGroup=NVIC_PRIORITYGROUP_4
NVIC.SVCall_IRQn=true\:0\:0\:false\:false\:true
NVIC.SysTick_IRQn=true\:0\:0\:false\:false\:true
NVIC.TIM1_UP_TIM10_IRQn=true\:1\:0\:true\:false\:true
NVIC.TIM2_IRQn=true\:1\:0\:true\:false\:true
NVIC.TIM3_IRQn=true\:1\:0\:true\:false\:true
NVIC.UsageFault_IRQn=true\:0\:0\:false\:false\:true
PA10.Signal=S_TIM1_CH3
PA8.Signal=S_TIM1_CH1
PA9.Signal=S_TIM1_CH2
PB13.Locked=true
PB13.Mode=PWM Generation1 CH1 CH1N
PB13.Signal=TIM1_CH1N
PB14.Locked=true
PB14.Mode=PWM Generation2 CH2 CH2N
PB14.Signal=TIM1_CH2N
PB15.Locked=true
PB15.Mode=PWM Generation3 CH3 CH3N
PB15.Signal=TIM1_CH3N
PB3.GPIOParameters=GPIO_PuPd,GPIO_Label,GPIO_ModeDefaultEXTI
PB3.GPIO_Label=sensU
PB3.GPIO_ModeDefaultEXTI=GPIO_MODE_IT_RISING_FALLING
PB3.GPIO_PuPd=GPIO_PULLUP
PB3.Locked=true
PB3.Signal=GPXTI3
PB4.GPIOParameters=GPIO_PuPd,GPIO_Label,GPIO_ModeDefaultEXTI
PB4.GPIO_Label=sensV
PB4.GPIO_ModeDefaultEXTI=GPIO_MODE_IT_RISING_FALLING
PB4.GPIO_PuPd=GPIO_PULLUP
PB4.Locked=true
PB4.Signal=GPXTI4
PB5.GPIOParameters=GPIO_PuPd,GPIO_Label,GPIO_ModeDefaultEXTI
PB5.GPIO_Label=sensW
PB5.GPIO_ModeDefaultEXTI=GPIO_MODE_IT_RISING_FALLING
PB5.GPIO_PuPd=GPIO_PULLUP
PB5.Locked=true
PB5.Signal=GPXTI5
PC0.GPIOParameters=GPIO_Label
PC0.GPIO_Label=accel
PC0.Locked=true
PC0.Signal=ADCx_IN10
PC1.GPIOParameters=GPIO_Label
PC1.GPIO_Label=current
PC1.Locked=true
PC1.Signal=ADCx_IN11
PCC.Checker=false
PCC.Line=STM32F401
PCC.MCU=STM32F401R(D-E)Tx
PCC.PartNumber=STM32F401RETx
PCC.Seq0=0
PCC.Series=STM32F4
PCC.Temperature=25
PCC.Vdd=null
ProjectManager.AskForMigrate=true
ProjectManager.BackupPrevious=false
ProjectManager.CompilerOptimize=2
ProjectManager.ComputerToolchain=false
ProjectManager.CoupleFile=false
ProjectManager.CustomerFirmwarePackage=C\:/Users/yuki/STM32Cube/Repository/STM32Cube_FW_F4_V1.16.0
ProjectManager.DefaultFWLocation=true
ProjectManager.DeletePrevious=true
ProjectManager.DeviceId=STM32F401RETx
ProjectManager.FirmwarePackage=STM32Cube FW_F4 V1.16.0
ProjectManager.FreePins=false
ProjectManager.HalAssertFull=false
ProjectManager.HeapSize=0x200
ProjectManager.KeepUserCode=true
ProjectManager.LastFirmware=true
ProjectManager.LibraryCopy=1
ProjectManager.PreviousToolchain=SW4STM32
ProjectManager.ProjectBuild=false
ProjectManager.ProjectFileName=test_program.ioc
ProjectManager.ProjectName=test_program
ProjectManager.StackSize=0x400
ProjectManager.TargetToolchain=SW4STM32
ProjectManager.ToolChainLocation=
ProjectManager.UnderRoot=true
ProjectManager.functionlistsort=1-MX_GPIO_Init-GPIO-false-HAL,2-MX_DMA_Init-DMA-false-HAL,3-SystemClock_Config-RCC-false-HAL,4-MX_TIM1_Init-TIM1-false-HAL,5-MX_TIM2_Init-TIM2-false-HAL,6-MX_TIM3_Init-TIM3-false-HAL,7-MX_ADC1_Init-ADC1-false-HAL
RCC.48MHZClocksFreq_Value=42000000
RCC.AHBFreq_Value=84000000
RCC.APB1CLKDivider=RCC_HCLK_DIV2
RCC.APB1Freq_Value=42000000
RCC.APB1TimFreq_Value=84000000
RCC.APB2Freq_Value=84000000
RCC.APB2TimFreq_Value=84000000
RCC.CortexFreq_Value=84000000
RCC.FCLKCortexFreq_Value=84000000
RCC.HCLKFreq_Value=84000000
RCC.HSE_VALUE=25000000
RCC.HSI_VALUE=16000000
RCC.I2SClocksFreq_Value=192000000
RCC.IPParameters=48MHZClocksFreq_Value,AHBFreq_Value,APB1CLKDivider,APB1Freq_Value,APB1TimFreq_Value,APB2Freq_Value,APB2TimFreq_Value,CortexFreq_Value,FCLKCortexFreq_Value,HCLKFreq_Value,HSE_VALUE,HSI_VALUE,I2SClocksFreq_Value,LSE_VALUE,LSI_VALUE,MCO2PinFreq_Value,PLLCLKFreq_Value,PLLM,PLLN,PLLQCLKFreq_Value,RTCFreq_Value,RTCHSEDivFreq_Value,SYSCLKFreq_VALUE,SYSCLKSource,VCOI2SOutputFreq_Value,VCOInputFreq_Value,VCOOutputFreq_Value,VcooutputI2S
RCC.LSE_VALUE=32768
RCC.LSI_VALUE=32000
RCC.MCO2PinFreq_Value=84000000
RCC.PLLCLKFreq_Value=84000000
RCC.PLLM=8
RCC.PLLN=84
RCC.PLLQCLKFreq_Value=42000000
RCC.RTCFreq_Value=32000
RCC.RTCHSEDivFreq_Value=12500000
RCC.SYSCLKFreq_VALUE=84000000
RCC.SYSCLKSource=RCC_SYSCLKSOURCE_PLLCLK
RCC.VCOI2SOutputFreq_Value=384000000
RCC.VCOInputFreq_Value=2000000
RCC.VCOOutputFreq_Value=168000000
RCC.VcooutputI2S=192000000
SH.ADCx_IN10.0=ADC1_IN10,IN10
SH.ADCx_IN10.ConfNb=1
SH.ADCx_IN11.0=ADC1_IN11,IN11
SH.ADCx_IN11.ConfNb=1
SH.GPXTI3.0=GPIO_EXTI3
SH.GPXTI3.ConfNb=1
SH.GPXTI4.0=GPIO_EXTI4
SH.GPXTI4.ConfNb=1
SH.GPXTI5.0=GPIO_EXTI5
SH.GPXTI5.ConfNb=1
SH.S_TIM1_CH1.0=TIM1_CH1,PWM Generation1 CH1 CH1N
SH.S_TIM1_CH1.ConfNb=1
SH.S_TIM1_CH2.0=TIM1_CH2,PWM Generation2 CH2 CH2N
SH.S_TIM1_CH2.ConfNb=1
SH.S_TIM1_CH3.0=TIM1_CH3,PWM Generation3 CH3 CH3N
SH.S_TIM1_CH3.ConfNb=1
TIM1.Channel-PWM\ Generation1\ CH1\ CH1N=TIM_CHANNEL_1
TIM1.Channel-PWM\ Generation2\ CH2\ CH2N=TIM_CHANNEL_2
TIM1.Channel-PWM\ Generation3\ CH3\ CH3N=TIM_CHANNEL_3
TIM1.CounterMode=TIM_COUNTERMODE_CENTERALIGNED1
TIM1.DeadTime=100
TIM1.IPParameters=DeadTime,CounterMode,Period,Channel-PWM Generation1 CH1 CH1N,Channel-PWM Generation2 CH2 CH2N,Channel-PWM Generation3 CH3 CH3N,RepetitionCounter,Pulse-PWM Generation1 CH1 CH1N,Pulse-PWM Generation2 CH2 CH2N,Pulse-PWM Generation3 CH3 CH3N
TIM1.Period=4095
TIM1.Pulse-PWM\ Generation1\ CH1\ CH1N=0
TIM1.Pulse-PWM\ Generation2\ CH2\ CH2N=0
TIM1.Pulse-PWM\ Generation3\ CH3\ CH3N=0
TIM1.RepetitionCounter=1
TIM2.IPParameters=Period,Prescaler
TIM2.Period=65535
TIM2.Prescaler=127
TIM3.IPParameters=Period
TIM3.Period=65535
VP_SYS_VS_Systick.Mode=SysTick
VP_SYS_VS_Systick.Signal=SYS_VS_Systick
VP_TIM1_VS_ClockSourceINT.Mode=Internal
VP_TIM1_VS_ClockSourceINT.Signal=TIM1_VS_ClockSourceINT
VP_TIM2_VS_ClockSourceINT.Mode=Internal
VP_TIM2_VS_ClockSourceINT.Signal=TIM2_VS_ClockSourceINT
VP_TIM2_VS_OPM.Mode=OPM_bit
VP_TIM2_VS_OPM.Signal=TIM2_VS_OPM
VP_TIM3_VS_ClockSourceINT.Mode=Internal
VP_TIM3_VS_ClockSourceINT.Signal=TIM3_VS_ClockSourceINT
board=test_program
